
Microsoft Visual Studio Solution File, Format Version 12.00
# Visual Studio Version 16
VisualStudioVersion = 16.0.28803.156
MinimumVisualStudioVersion = 10.0.40219.1
Project("{8BC9CEB8-8B4A-11D0-8D11-00A0C91BC942}") = "Trie", "Trie.vcxproj", "{455BF36D-F21E-450D-A30A-52987AF45275}"
EndProject
Global
	GlobalSection(SolutionConfigurationPlatforms) = preSolution
		Debug|x64 = Debug|x64
		Debug|x86 = Debug|x86
		Release|x64 = Release|x64
		Release|x86 = Release|x86
	EndGlobalSection
	GlobalSection(ProjectConfigurationPlatforms) = postSolution
		{455BF36D-F21E-450D-A30A-52987AF45275}.Debug|x64.ActiveCfg = Debug|x64
		{455BF36D-F21E-450D-A30A-52987AF45275}.Debug|x64.Build.0 = Debug|x64
		{455BF36D-F21E-450D-A30A-52987AF45275}.Debug|x86.ActiveCfg = Debug|Win32
		{455BF36D-F21E-450D-A30A-52987AF45275}.Debug|x86.Build.0 = Debug|Win32
		{455BF36D-F21E-450D-A30A-52987AF45275}.Release|x64.ActiveCfg = Release|x64
		{455BF36D-F21E-450D-A30A-52987AF45275}.Release|x64.Build.0 = Release|x64
		{455BF36D-F21E-450D-A30A-52987AF45275}.Release|x86.ActiveCfg = Release|Win32
		{455BF36D-F21E-450D-A30A-52987AF45275}.Release|x86.Build.0 = Release|Win32
	EndGlobalSection
	GlobalSection(SolutionProperties) = preSolution
		HideSolutionNode = FALSE
	EndGlobalSection
	GlobalSection(ExtensibilityGlobals) = postSolution
		SolutionGuid = {68CCB10E-A2E8-4AF9-8B8F-FBE518E2A5E2}
	EndGlobalSection
EndGlobal
